{
  "name": "@incubus8/sms-api-preset",
  "version": "1.0.0",
  "lockfileVersion": 1,
  "requires": true,
  "dependencies": {
    "@incubus8/sms-core": {
      "version": "file:../sms-core",
      "dependencies": {
        "dotenv": {
          "version": "4.0.0",
          "bundled": true
        },
        "sax": {
          "version": "1.2.4",
          "bundled": true
        },
        "xml2js": {
          "version": "0.4.19",
          "bundled": true,
          "requires": {
            "sax": "1.2.4",
            "xmlbuilder": "9.0.4"
          }
        },
        "xmlbuilder": {
          "version": "9.0.4",
          "bundled": true
        }
      }
    }
  }
}
